# This file was autogenerated by uv via the following command:
#    uv pip compile pyproject.toml --extra test --python .venv/bin/python -o requirements.lock
iniconfig==2.3.0
    # via pytest
numpy==2.5.3
    # via
    #   plane-point-picker (pyproject.toml)
    #   opencv-python
    #   pupil-apriltags
opencv-python==5.0.0.93
    # via plane-point-picker (pyproject.toml)
packaging==26.3
    # via pytest
pluggy==1.6.0
    # via pytest
pupil-apriltags==1.0.4.post11
    # via plane-point-picker (pyproject.toml)
pygments==2.21.0
    # via pytest
pyside6==6.11.2
    # via plane-point-picker (pyproject.toml)
pyside6-addons==6.11.2
    # via pyside6
pyside6-essentials==6.11.2
    # via
    #   pyside6
    #   pyside6-addons
pytest==9.1.1
    # via plane-point-picker (pyproject.toml)
pyyaml==6.0.3
    # via plane-point-picker (pyproject.toml)
shiboken6==6.11.2
    # via
    #   pyside6
    #   pyside6-addons
    #   pyside6-essentials
